
Microsoft Visual Studio Solution File, Format Version 12.00
# Visual Studio Version 17
VisualStudioVersion = 17.6.33723.286
MinimumVisualStudioVersion = 10.0.40219.1
Project("{8BC9CEB8-8B4A-11D0-8D11-00A0C91BC942}") = "3D", "3D.vcxproj", "{731C3D9B-F65E-4970-83FA-6EE51291264D}"
EndProject
Global
	GlobalSection(SolutionConfigurationPlatforms) = preSolution
		Debug|x64 = Debug|x64
		Debug|x86 = Debug|x86
		Release|x64 = Release|x64
		Release|x86 = Release|x86
	EndGlobalSection
	GlobalSection(ProjectConfigurationPlatforms) = postSolution
		{731C3D9B-F65E-4970-83FA-6EE51291264D}.Debug|x64.ActiveCfg = Debug|x64
		{731C3D9B-F65E-4970-83FA-6EE51291264D}.Debug|x64.Build.0 = Debug|x64
		{731C3D9B-F65E-4970-83FA-6EE51291264D}.Debug|x86.ActiveCfg = Debug|Win32
		{731C3D9B-F65E-4970-83FA-6EE51291264D}.Debug|x86.Build.0 = Debug|Win32
		{731C3D9B-F65E-4970-83FA-6EE51291264D}.Release|x64.ActiveCfg = Release|x64
		{731C3D9B-F65E-4970-83FA-6EE51291264D}.Release|x64.Build.0 = Release|x64
		{731C3D9B-F65E-4970-83FA-6EE51291264D}.Release|x86.ActiveCfg = Release|Win32
		{731C3D9B-F65E-4970-83FA-6EE51291264D}.Release|x86.Build.0 = Release|Win32
	EndGlobalSection
	GlobalSection(SolutionProperties) = preSolution
		HideSolutionNode = FALSE
	EndGlobalSection
	GlobalSection(ExtensibilityGlobals) = postSolution
		SolutionGuid = {3E1FCC58-560B-4AC7-A930-9335C3D596AB}
	EndGlobalSection
EndGlobal
